# Python 3.10 / Linux x86_64 projection runner. All dependency wheels are pinned.
aiohappyeyeballs==2.7.1 --hash=sha256:9243213661e29250eb41368e5daa826fc017156c3b8a11440826b2e3ed376472
aiohttp==3.14.4 --hash=sha256:2a950bd8418ef54eccf5f9f517f08e37c1adab4bc50a470a0422ee1cc1032e29
aiosignal==1.4.0 --hash=sha256:053243f8b92b990551949e63930a839ff0cf0b0ebbe0597b0f3fb19e1a0fe82e
annotated-types==0.8.0 --hash=sha256:f072f4d804ea359e4eaf198b1af7a8b0943881a87f31bb764f8bf219bb9419e0
anyio==4.15.1 --hash=sha256:6152fdbbf9a77fdec97731721bebf7c4c44f7c29b424b0065826173efc7ed101
async-timeout==5.0.1 --hash=sha256:39e3809566ff85354557ec2398b55e096c8364bacac9405a7a1fa429e77fe76c
attrs==26.1.0 --hash=sha256:c647aa4a12dfbad9333ca4e71fe62ddc36f4e63b2d260a37a8b83d2f043ac309
certifi==2026.7.22 --hash=sha256:62f22742b58a1a33014a2b6b706588a8d7e2a88ae7bd1a6ebe8c992928483775
charset-normalizer==3.5.2 --hash=sha256:8a893cc101149f80a653f82062ebc95b34525a2614382e1da5458fe7c6997249
deprecation==2.1.0 --hash=sha256:a10811591210e1fb0e768a8c25517cabeabcba6f0bf96564f8ff45189f90b14a
exceptiongroup==1.3.0 --hash=sha256:4d111e6e0c13d0644cad6ddaa7ed0261a0b36971f6d23e7ec9b4b9097da78a10
frozenlist==1.8.0 --hash=sha256:f57fb59d9f385710aa7060e89410aeb5058b99e62f4d16b08b91986b9a2140c2
gotrue==2.12.4 --hash=sha256:cf36dfcebc1da63b8d1e7b93eb1a35dfee3dcb1e1376833c256464010eb5fcd6
h11==0.16.0 --hash=sha256:63cf8bbe7522de3bf65932fda1d9c2772064ffb3dae62d55932da54b31cb6c86
h2==4.4.1 --hash=sha256:0e25f1462b23c9cb82d9eb02e28bc706dac2a68cb457c6a0d74d63c8a2a5d0e6
hpack==4.2.0 --hash=sha256:858ac0b02280fa582b5080d68db0899c62a80375e0e5413a74970c5e518b6986
httpcore==1.0.9 --hash=sha256:2d400746a40668fc9dec9810239072b40b4484b640a8c38fd654a024c7a1bf55
httpx==0.28.1 --hash=sha256:d909fcccc110f8c7faf814ca82a9a4d816bc5a6dbfea25d6591d6985b8ba59ad
hyperframe==6.1.0 --hash=sha256:b03380493a519fce58ea5af42e4a42317bf9bd425596f7a0835ffce80f1a42e5
idna==3.20 --hash=sha256:ab7ae7122974553370f0bdb919e1a960b2cd1bc1ef0276416d896db81c14582c
multidict==6.9.1 --hash=sha256:d3b6e6840421c83ccb60398e333b44f910b0907bb409597685ab2eedd1e22eab
numpy==2.2.6 --hash=sha256:fc7b73d02efb0e18c000e9ad8b83480dfcd5dfd11065997ed4c6747470ae8915
packaging==26.3 --hash=sha256:d7193f7c8e4e93f444fde0262bf90af30e16fa0ad0ad44cb553c87339b23cd1c
pandas==2.2.3 --hash=sha256:86976a1c5b25ae3f8ccae3a5306e443569ee3c3faf444dfd0f41cda24667ad57
postgrest==1.0.2 --hash=sha256:d115c56d3bd2672029a3805e9c73c14aa6608343dc5228db18e0e5e6134a3c62
propcache==0.5.4 --hash=sha256:f574e460d1c8a08384a016fdb09ccf3543433263ed6b2f97104f979e64ea57c2
pydantic==2.13.5 --hash=sha256:346a034f080da3755d8e9cb5e00e8b07de1d39e4f6e2c87d8ab7cafa0b269a73
pydantic-core==2.46.5 --hash=sha256:850a08d167dde16db8702c274f320c7be9d7da6f6dff2b58b18f9e815bd94f5b
pyjwt==2.15.1 --hash=sha256:42d59d631f7768a1028a64c7ff581a9bf7519804daf91fc5b6c56e30eec5e193
python-dateutil==2.9.0.post0 --hash=sha256:a8b2bc7bffae282281c8140a97d3aa9c14da0b136dfe83f850eea9a5f7470427
pytz==2026.5 --hash=sha256:e658af3757f9e26a9d25dd2aff38335acd92bc9104f890a894b2c1ba28311b03
realtime==2.4.3 --hash=sha256:09ff3b61ac928413a27765640b67362380eaddba84a7037a17972a64b1ac52f7
requests==2.32.5 --hash=sha256:2462f94637a34fd532264295e186976db0f5d453d1cdd31473c85a6a161affb6
six==1.17.0 --hash=sha256:4721f391ed90541fddacab5acf947aa0d3dc7d27b2e1e8eda2be8970586c3274
storage3==0.11.3 --hash=sha256:090c42152217d5d39bd94af3ddeb60c8982f3a283dcd90b53d058f2db33e6007
strenum==0.4.15 --hash=sha256:a30cda4af7cc6b5bf52c8055bc4bf4b2b6b14a93b574626da33df53cf7740659
supabase==2.15.3 --hash=sha256:d6c7abfd0e6db9667428e77c6f623487140acf3d7342edff1a1072ab8c77e537
supafunc==0.9.4 --hash=sha256:2b34a794fb7930953150a434cdb93c24a04cf526b2f51a9e60b2be0b86d44fb2
typing-extensions==4.16.0 --hash=sha256:481caa481374e813c1b176ada14e97f1f67a4539ce9cfeb3f350d78d6370c2e8
typing-inspection==0.4.4 --hash=sha256:65b8397ba37ccbce054456aaccddfc91e6e3083c92824df348d96ca832f3f147
tzdata==2026.5 --hash=sha256:b683bd1b6659ddcd810ff02ad09ba821d4bf1065072805063eb35c49617905ac
urllib3==2.8.0 --hash=sha256:0cf3cae568d36aa9576b28dfb35f11328f1cb974ca7647d9475ebb86c75ac6e3
websockets==14.2 --hash=sha256:4b27ece32f63150c268593d5fdb82819584831a83a3f5809b7521df0685cd5d8
yarl==1.25.1 --hash=sha256:e5637ca8d0bd7fb72648a6c7934af4baaccb697657f7438c9d264fc2abb8b0b1
